{
  "name": "dupes",
  "version": "0.0.5",
  "dependencies": {
    "cli-color": {
      "version": "0.2.3",
      "from": "https://registry.npmjs.org/cli-color/-/cli-color-0.2.3.tgz",
      "resolved": "https://registry.npmjs.org/cli-color/-/cli-color-0.2.3.tgz",
      "dependencies": {
        "es5-ext": {
          "version": "0.9.2",
          "from": "https://registry.npmjs.org/es5-ext/-/es5-ext-0.9.2.tgz",
          "resolved": "https://registry.npmjs.org/es5-ext/-/es5-ext-0.9.2.tgz"
        },
        "memoizee": {
          "version": "0.2.6",
          "from": "https://registry.npmjs.org/memoizee/-/memoizee-0.2.6.tgz",
          "resolved": "https://registry.npmjs.org/memoizee/-/memoizee-0.2.6.tgz",
          "dependencies": {
            "event-emitter": {
              "version": "0.2.2",
              "from": "https://registry.npmjs.org/event-emitter/-/event-emitter-0.2.2.tgz",
              "resolved": "https://registry.npmjs.org/event-emitter/-/event-emitter-0.2.2.tgz"
            },
            "next-tick": {
              "version": "0.1.0",
              "from": "https://registry.npmjs.org/next-tick/-/next-tick-0.1.0.tgz",
              "resolved": "https://registry.npmjs.org/next-tick/-/next-tick-0.1.0.tgz"
            }
          }
        }
      }
    },
    "commander": {
      "version": "2.1.0",
      "from": "https://registry.npmjs.org/commander/-/commander-2.1.0.tgz",
      "resolved": "https://registry.npmjs.org/commander/-/commander-2.1.0.tgz"
    },
    "moment": {
      "version": "2.5.1",
      "from": "https://registry.npmjs.org/moment/-/moment-2.5.1.tgz",
      "resolved": "https://registry.npmjs.org/moment/-/moment-2.5.1.tgz"
    },
    "walk": {
      "version": "2.3.1",
      "from": "https://registry.npmjs.org/walk/-/walk-2.3.1.tgz",
      "resolved": "https://registry.npmjs.org/walk/-/walk-2.3.1.tgz",
      "dependencies": {
        "forEachAsync": {
          "version": "2.2.1",
          "from": "https://registry.npmjs.org/forEachAsync/-/forEachAsync-2.2.1.tgz",
          "resolved": "https://registry.npmjs.org/forEachAsync/-/forEachAsync-2.2.1.tgz",
          "dependencies": {
            "sequence": {
              "version": "2.2.1",
              "from": "https://registry.npmjs.org/sequence/-/sequence-2.2.1.tgz",
              "resolved": "https://registry.npmjs.org/sequence/-/sequence-2.2.1.tgz"
            }
          }
        }
      }
    }
  }
}
